{
  "projects": [
    {
      "projectId": "seaQhLVS4bbjiGvJJrRwyL",
      "version": "15.0.3",
      "dependencies": {},
      "lang": "ts",
      "fileLocks": [
        {
          "assetId": "seaQhLVS4bbjiGvJJrRwyL",
          "type": "projectCss",
          "checksum": "dc88471beadb978e51eb3ceb75d10fdb"
        }
      ]
    },
    {
      "projectId": "xoGoYnzcgCWsQgugY2n8Ua",
      "version": "latest",
      "dependencies": {
        "seaQhLVS4bbjiGvJJrRwyL": "15.0.3"
      },
      "lang": "ts",
      "fileLocks": [
        {
          "type": "globalVariant",
          "assetId": "VcS_Pbeu58CkWY",
          "checksum": "d4cd0b8cab8d06a8b3d962d89dc2cf9a"
        },
        {
          "assetId": "xoGoYnzcgCWsQgugY2n8Ua",
          "type": "projectCss",
          "checksum": "2c80119db998a8bc2a442227f2bd7dc9"
        },
        {
          "type": "renderModule",
          "assetId": "Tdi0Yncr_QpGK",
          "checksum": "49b504ee4bdf5efcc79847bdc2870589"
        },
        {
          "type": "cssRules",
          "assetId": "Tdi0Yncr_QpGK",
          "checksum": "49b504ee4bdf5efcc79847bdc2870589"
        },
        {
          "type": "renderModule",
          "assetId": "-tzxWiNyeKkUv",
          "checksum": "5fe4022c41b1f6983962d2864d2129ff"
        },
        {
          "type": "cssRules",
          "assetId": "-tzxWiNyeKkUv",
          "checksum": "5fe4022c41b1f6983962d2864d2129ff"
        },
        {
          "type": "renderModule",
          "assetId": "_lt7Piwzx9NEs",
          "checksum": "ace47af99d60f34927502b769eeb28aa"
        },
        {
          "type": "cssRules",
          "assetId": "_lt7Piwzx9NEs",
          "checksum": "ace47af99d60f34927502b769eeb28aa"
        },
        {
          "type": "renderModule",
          "assetId": "87sCTHcuocFFN",
          "checksum": "61cf957644ed8d3eabacd95c4c570e34"
        },
        {
          "type": "cssRules",
          "assetId": "87sCTHcuocFFN",
          "checksum": "61cf957644ed8d3eabacd95c4c570e34"
        },
        {
          "type": "renderModule",
          "assetId": "6N0WD1qlM1A7DM",
          "checksum": "d8ad429b18fd15cb8a04755a323c5824"
        },
        {
          "type": "cssRules",
          "assetId": "6N0WD1qlM1A7DM",
          "checksum": "d8ad429b18fd15cb8a04755a323c5824"
        },
        {
          "type": "renderModule",
          "assetId": "RxU6cI2gwxwvoQ",
          "checksum": "f39e3c95764103ca6921b27826432027"
        },
        {
          "type": "cssRules",
          "assetId": "RxU6cI2gwxwvoQ",
          "checksum": "f39e3c95764103ca6921b27826432027"
        },
        {
          "type": "renderModule",
          "assetId": "ezfILrSMellodH",
          "checksum": "9851631c6037cf0998209cf5dbb0d148"
        },
        {
          "type": "cssRules",
          "assetId": "ezfILrSMellodH",
          "checksum": "9851631c6037cf0998209cf5dbb0d148"
        },
        {
          "type": "renderModule",
          "assetId": "qloBj6vjVMacFh",
          "checksum": "14a98f8eb0e0a57042d96c0e1ea68d5c"
        },
        {
          "type": "cssRules",
          "assetId": "qloBj6vjVMacFh",
          "checksum": "14a98f8eb0e0a57042d96c0e1ea68d5c"
        },
        {
          "type": "renderModule",
          "assetId": "1t4CC9i21WKpft",
          "checksum": "c25387dffc19a178384c052ba7b5d137"
        },
        {
          "type": "cssRules",
          "assetId": "1t4CC9i21WKpft",
          "checksum": "c25387dffc19a178384c052ba7b5d137"
        },
        {
          "type": "renderModule",
          "assetId": "wxPX1t5v8jMyKZ",
          "checksum": "dd1d7fd9de6b9e7207b239a990edb6a6"
        },
        {
          "type": "cssRules",
          "assetId": "wxPX1t5v8jMyKZ",
          "checksum": "dd1d7fd9de6b9e7207b239a990edb6a6"
        },
        {
          "type": "renderModule",
          "assetId": "AVMdMJWISO8LaO",
          "checksum": "cca21eb16d28ce9b2e912969202a8652"
        },
        {
          "type": "cssRules",
          "assetId": "AVMdMJWISO8LaO",
          "checksum": "cca21eb16d28ce9b2e912969202a8652"
        },
        {
          "type": "icon",
          "assetId": "_M9_8k6fG1m6cR",
          "checksum": "00ebd49774d73722e8c7681e29bab055"
        },
        {
          "type": "icon",
          "assetId": "9s5cT4zEs6HzX5",
          "checksum": "44ffba071e511c1d9e3576e615796b16"
        },
        {
          "type": "icon",
          "assetId": "AgAq4EaYV1ji5E",
          "checksum": "80e198557986bf36a17f03c597392b9b"
        },
        {
          "type": "icon",
          "assetId": "SM-BCYYRmvToKP",
          "checksum": "4dce4a814440eed88b3449c605a484dc"
        },
        {
          "type": "icon",
          "assetId": "0PzmjFKFVJDrXH",
          "checksum": "b403fa7b4fdbf8e30aba9df9e3d67306"
        },
        {
          "type": "icon",
          "assetId": "C0RNHL8xORWy7M",
          "checksum": "dba56ba3f8d6fccad11ef0833c6a7fe7"
        },
        {
          "type": "icon",
          "assetId": "IEKJPWxSqybZe3",
          "checksum": "90a5dfbe0e56505a28e5a87414f6c12e"
        },
        {
          "type": "icon",
          "assetId": "664uGAjy8lO_2r",
          "checksum": "8af28738e7cee4b9c0d21a80eb34a57c"
        },
        {
          "type": "icon",
          "assetId": "nD1ed2FABdV7YE",
          "checksum": "341e06a8694033cb602dc432870e7233"
        },
        {
          "type": "icon",
          "assetId": "luOjyXGFbtPsP_",
          "checksum": "ad39354ba643f9e35ab604263d702993"
        },
        {
          "type": "icon",
          "assetId": "VOC4cuWnQ0jsW6",
          "checksum": "952c00528f49c7ecd49ae424c1ab6af0"
        },
        {
          "type": "icon",
          "assetId": "6asVgjAcg9bffl",
          "checksum": "994ee19587c1d687034c3ddda7519973"
        },
        {
          "type": "icon",
          "assetId": "ICbIjAh5Sp-Uxd",
          "checksum": "8c52af61224ce4188c22ed21bc4a3c8e"
        },
        {
          "type": "icon",
          "assetId": "Z6CAr24MsNJvjv",
          "checksum": "a324d24140c89c4dfd2602b9e3b817b5"
        },
        {
          "type": "icon",
          "assetId": "PuIt75tJWP_sL4",
          "checksum": "34c6b0e7024b19f5640081bdd425f6d1"
        },
        {
          "type": "icon",
          "assetId": "ye5FSyvbn4mu-s",
          "checksum": "47001f1828106cf5be3772e2debdb8ab"
        },
        {
          "type": "icon",
          "assetId": "m5XA2QRpCe5ssy",
          "checksum": "f158cbab82c04be53aa3bac2e4979fd6"
        },
        {
          "type": "image",
          "assetId": "L8ke52yoee81ps",
          "checksum": "ff3cce45928d8b77fd7b223adaa1b7c7"
        },
        {
          "type": "image",
          "assetId": "z0M7u8ShYWB4RZ",
          "checksum": "3f4d41ec22fcef75e62e39b003692234"
        },
        {
          "type": "image",
          "assetId": "Zg3TTt6SbN06md",
          "checksum": "b6bea32907e91dfd9b682010ed2fa8fa"
        },
        {
          "type": "image",
          "assetId": "kcea8KsTZvuQVO",
          "checksum": "640ac7e6bcdd268336e59f74a615d253"
        },
        {
          "type": "image",
          "assetId": "F121orkHRu6Jvd",
          "checksum": "a57fee983ab127ce314441d418876c1b"
        },
        {
          "type": "image",
          "assetId": "d3sBS_hYEsRB25",
          "checksum": "4a8e63d76f6c12f3284922a6e679d646"
        },
        {
          "type": "image",
          "assetId": "0LZFUtoyYz1d3b",
          "checksum": "7e7ab0294229595fd8af9cd14320ded7"
        },
        {
          "type": "image",
          "assetId": "oXBWFsexIue5jj",
          "checksum": "62bfcdab11a0dcc4d759b07e82545249"
        },
        {
          "type": "image",
          "assetId": "NPhIsMFS-KJ_fW",
          "checksum": "cec3caae4ba2177ab44553d7ddf34ea3"
        },
        {
          "type": "image",
          "assetId": "k5J8KbfO9-x6k2",
          "checksum": "46a6f560ca6fb671de288dbf5b841074"
        },
        {
          "type": "image",
          "assetId": "arkLQJhd7T_OnP",
          "checksum": "f754a27a9ac8b8648110d74824451155"
        },
        {
          "type": "image",
          "assetId": "peJ0cViSPRdXpq",
          "checksum": "66cdfb1326c9a72913fa96c9f2474e73"
        },
        {
          "type": "image",
          "assetId": "ZRTi7dBKyxkKbV",
          "checksum": "df1063faa9420efad4cba3031d195963"
        },
        {
          "type": "image",
          "assetId": "2a3X7ct0RrKZry",
          "checksum": "64ffacf4acff759e5b99b93b547df9b0"
        },
        {
          "type": "image",
          "assetId": "mWs_3df_3motJh",
          "checksum": "e876430013a46fe3d57e602fd6ba4ba3"
        },
        {
          "type": "image",
          "assetId": "JgtNnq7_5takNe",
          "checksum": "dc812b9171bc02fad89075da169dad0e"
        },
        {
          "type": "image",
          "assetId": "iVLQ6gPZqVoAWi",
          "checksum": "dc709c359ab25944847e03d7f616fa54"
        },
        {
          "type": "image",
          "assetId": "-Dktluxf3VXMAE",
          "checksum": "5a75e687d8025c53d52dae92b7149d0b"
        },
        {
          "type": "image",
          "assetId": "qeracLqQuqWzLS",
          "checksum": "2441a118465343c2e37d56e67d05a478"
        },
        {
          "type": "image",
          "assetId": "R-HjyEHlw8Yzmo",
          "checksum": "2b3ec4c7a342c23ee6b3720f9824b1d8"
        },
        {
          "type": "image",
          "assetId": "-THY_z_YoGXZlm",
          "checksum": "5f7204b9f496ba8a49396e6c5cdcf296"
        },
        {
          "type": "image",
          "assetId": "C-HhnP7zk8PQ4k",
          "checksum": "da6272f79f880c8cf5feb335bab959b7"
        },
        {
          "type": "image",
          "assetId": "sfu4XTGqeJkKEA",
          "checksum": "022bf8d034c188f14f7a541a7464eb8a"
        },
        {
          "type": "image",
          "assetId": "ZOoyw7teRD0Dpm",
          "checksum": "3932b1bee3a930ae9df964175850bc2b"
        },
        {
          "type": "image",
          "assetId": "GVVNn5qwfwKW26",
          "checksum": "cdc231fa83635aa4ae25549134bf6340"
        }
      ]
    }
  ],
  "cliVersion": "0.1.137"
}
